
Microsoft Visual Studio Solution File, Format Version 12.00
# Visual Studio Version 16
VisualStudioVersion = 16.0.29509.3
MinimumVisualStudioVersion = 10.0.40219.1
Project("{FAE04EC0-301F-11D3-BF4B-00C04F79EFBC}") = "ParkingLot", "ParkingLot.csproj", "{AF64B7DA-B920-4CAC-81DB-E27E33DD40EB}"
EndProject
Global
	GlobalSection(SolutionConfigurationPlatforms) = preSolution
		Debug|Any CPU = Debug|Any CPU
		Release|Any CPU = Release|Any CPU
	EndGlobalSection
	GlobalSection(ProjectConfigurationPlatforms) = postSolution
		{AF64B7DA-B920-4CAC-81DB-E27E33DD40EB}.Debug|Any CPU.ActiveCfg = Debug|Any CPU
		{AF64B7DA-B920-4CAC-81DB-E27E33DD40EB}.Debug|Any CPU.Build.0 = Debug|Any CPU
		{AF64B7DA-B920-4CAC-81DB-E27E33DD40EB}.Release|Any CPU.ActiveCfg = Release|Any CPU
		{AF64B7DA-B920-4CAC-81DB-E27E33DD40EB}.Release|Any CPU.Build.0 = Release|Any CPU
	EndGlobalSection
	GlobalSection(SolutionProperties) = preSolution
		HideSolutionNode = FALSE
	EndGlobalSection
	GlobalSection(ExtensibilityGlobals) = postSolution
		SolutionGuid = {D2F97D6B-7179-4BCE-87D6-763BD07D8295}
	EndGlobalSection
EndGlobal
